[[package]]
category = "main"
description = "A high-level Python Web framework that encourages rapid development and clean, pragmatic design."
name = "django"
optional = false
python-versions = ">=3.5"
version = "2.2.13"

[package.dependencies]
pytz = "*"
sqlparse = "*"

[package.extras]
argon2 = ["argon2-cffi (>=16.1.0)"]
bcrypt = ["bcrypt"]

[[package]]
category = "main"
description = "World timezone definitions, modern and historical"
name = "pytz"
optional = false
python-versions = "*"
version = "2019.1"

[[package]]
category = "main"
description = "Non-validating SQL parser"
name = "sqlparse"
optional = false
python-versions = ">=2.7, !=3.0.*, !=3.1.*, !=3.2.*, !=3.3.*"
version = "0.3.0"

[metadata]
content-hash = "6bd0183a5c72812193d972668099cf3559a9ea15a9be5180354de762b239ed4c"
python-versions = "^3.7"

[metadata.files]
django = [
    {file = "Django-2.2.13-py3-none-any.whl", hash = "sha256:e8fe3c2b2212dce6126becab7a693157f1a441a07b62ec994c046c76af5bb66d"},
    {file = "Django-2.2.13.tar.gz", hash = "sha256:84f370f6acedbe1f3c41e1a02de44ac206efda3355e427139ecb785b5f596d80"},
]
pytz = [
    {file = "pytz-2019.1-py2.py3-none-any.whl", hash = "sha256:303879e36b721603cc54604edcac9d20401bdbe31e1e4fdee5b9f98d5d31dfda"},
    {file = "pytz-2019.1.tar.gz", hash = "sha256:d747dd3d23d77ef44c6a3526e274af6efeb0a6f1afd5a69ba4d5be4098c8e141"},
]
sqlparse = [
    {file = "sqlparse-0.3.0-py2.py3-none-any.whl", hash = "sha256:40afe6b8d4b1117e7dff5504d7a8ce07d9a1b15aeeade8a2d10f130a834f8177"},
    {file = "sqlparse-0.3.0.tar.gz", hash = "sha256:7c3dca29c022744e95b547e867cee89f4fce4373f3549ccd8797d8eb52cdb873"},
]
